
Microsoft Visual Studio Solution File, Format Version 12.00
# Visual Studio 2015
Project("{FAE04EC0-301F-11D3-BF4B-00C04F79EFBC}") = "ProyectoMota", "ProyectoMota.csproj", "{1F47D1D8-49FA-0A6C-4375-1EA2F5AEAA0F}"
EndProject
Project("{FAE04EC0-301F-11D3-BF4B-00C04F79EFBC}") = "ProyectoMota.Editor", "ProyectoMota.Editor.csproj", "{9E7FE8AB-22F7-B04B-D1D7-90F71FAFBE48}"
EndProject
Global
	GlobalSection(SolutionConfigurationPlatforms) = preSolution
		Debug|Any CPU = Debug|Any CPU
		Release|Any CPU = Release|Any CPU
	EndGlobalSection
	GlobalSection(ProjectConfigurationPlatforms) = postSolution
		{1F47D1D8-49FA-0A6C-4375-1EA2F5AEAA0F}.Debug|Any CPU.ActiveCfg = Debug|Any CPU
		{1F47D1D8-49FA-0A6C-4375-1EA2F5AEAA0F}.Debug|Any CPU.Build.0 = Debug|Any CPU
		{1F47D1D8-49FA-0A6C-4375-1EA2F5AEAA0F}.Release|Any CPU.ActiveCfg = Release|Any CPU
		{1F47D1D8-49FA-0A6C-4375-1EA2F5AEAA0F}.Release|Any CPU.Build.0 = Release|Any CPU
		{9E7FE8AB-22F7-B04B-D1D7-90F71FAFBE48}.Debug|Any CPU.ActiveCfg = Debug|Any CPU
		{9E7FE8AB-22F7-B04B-D1D7-90F71FAFBE48}.Debug|Any CPU.Build.0 = Debug|Any CPU
		{9E7FE8AB-22F7-B04B-D1D7-90F71FAFBE48}.Release|Any CPU.ActiveCfg = Release|Any CPU
		{9E7FE8AB-22F7-B04B-D1D7-90F71FAFBE48}.Release|Any CPU.Build.0 = Release|Any CPU
	EndGlobalSection
	GlobalSection(SolutionProperties) = preSolution
		HideSolutionNode = FALSE
	EndGlobalSection
EndGlobal
